
Microsoft Visual Studio Solution File, Format Version 12.00
# Visual Studio 15
VisualStudioVersion = 15.0.27130.0
MinimumVisualStudioVersion = 10.0.40219.1
Project("{9A19103F-16F7-4668-BE54-9A1E7A4F7556}") = "dockerTest", "dockerTest\dockerTest.csproj", "{B229C406-E271-44BC-AF06-2DB9B2DAD859}"
EndProject
Project("{E53339B2-1760-4266-BCC7-CA923CBCF16C}") = "docker-compose", "docker-compose.dcproj", "{F5A33477-5C53-4EE7-B9AA-E319DB0296C0}"
EndProject
Project("{9A19103F-16F7-4668-BE54-9A1E7A4F7556}") = "webApi1", "webApi1\webApi1.csproj", "{0D5C3159-5A73-4634-800A-F31783596FA4}"
EndProject
Project("{9A19103F-16F7-4668-BE54-9A1E7A4F7556}") = "webApi2", "webApi2\webApi2.csproj", "{19DE8966-5A57-4D4D-8550-27D3E8A9959E}"
EndProject
Project("{2150E333-8FDC-42A3-9474-1A3956D46DE8}") = "Infraestructure", "Infraestructure", "{2B94021B-2CF8-4725-915D-742423947094}"
EndProject
Project("{2150E333-8FDC-42A3-9474-1A3956D46DE8}") = "EventBus", "EventBus", "{44357863-7254-4776-9173-4D6A52CDEB7C}"
EndProject
Project("{9A19103F-16F7-4668-BE54-9A1E7A4F7556}") = "EventBus", "EventBus\EventBus.csproj", "{09A654D0-2C09-4D35-A538-F032CE8DAF06}"
EndProject
Project("{9A19103F-16F7-4668-BE54-9A1E7A4F7556}") = "EventBusRabbitMQ", "EventBusRabbitMQ\EventBusRabbitMQ.csproj", "{C3B0551B-2E81-4B7E-8501-8EBD7E3D5BF8}"
EndProject
Project("{2150E333-8FDC-42A3-9474-1A3956D46DE8}") = "ServiceFabric", "ServiceFabric", "{46801337-C90C-478B-A3E9-5D94F8F56B41}"
EndProject
Project("{2150E333-8FDC-42A3-9474-1A3956D46DE8}") = "Linux", "Linux", "{8711F6B3-17D6-4012-9906-962CAF55A350}"
EndProject
Project("{A07B5EB6-E848-4116-A8D0-A826331D98C6}") = "testOnServiceFabricWebMVC", "ServiceFabric\Linux\testOnServiceFabricWebMVC\testOnServiceFabricWebMVC.sfproj", "{5D777967-EE7B-4AFB-B7E0-115688C117E7}"
EndProject
Project("{A07B5EB6-E848-4116-A8D0-A826331D98C6}") = "testOnServiceFabricAPIS", "ServiceFabric\Linux\testOnServiceFabricAPIS\testOnServiceFabricAPIS.sfproj", "{B6D99ECA-BD5D-48D6-A24E-2670822483B9}"
EndProject
Project("{A07B5EB6-E848-4116-A8D0-A826331D98C6}") = "Sql", "ServiceFabric\Linux\Sql\Sql.sfproj", "{93BC50EF-2707-4C15-A8F6-D2F5873AC680}"
EndProject
Project("{A07B5EB6-E848-4116-A8D0-A826331D98C6}") = "NoSql", "ServiceFabric\Linux\NoSql\NoSql.sfproj", "{E833F6BB-80B2-4760-B65B-B8B3E106AA90}"
EndProject
Project("{A07B5EB6-E848-4116-A8D0-A826331D98C6}") = "Bus", "ServiceFabric\Linux\Bus\Bus.sfproj", "{A44AEFFD-ECAE-4FE5-8E18-0A252BEB4C51}"
EndProject
Global
	GlobalSection(SolutionConfigurationPlatforms) = preSolution
		Debug|Any CPU = Debug|Any CPU
		Debug|x64 = Debug|x64
		Release|Any CPU = Release|Any CPU
		Release|x64 = Release|x64
	EndGlobalSection
	GlobalSection(ProjectConfigurationPlatforms) = postSolution
		{B229C406-E271-44BC-AF06-2DB9B2DAD859}.Debug|Any CPU.ActiveCfg = Debug|Any CPU
		{B229C406-E271-44BC-AF06-2DB9B2DAD859}.Debug|Any CPU.Build.0 = Debug|Any CPU
		{B229C406-E271-44BC-AF06-2DB9B2DAD859}.Debug|x64.ActiveCfg = Debug|Any CPU
		{B229C406-E271-44BC-AF06-2DB9B2DAD859}.Debug|x64.Build.0 = Debug|Any CPU
		{B229C406-E271-44BC-AF06-2DB9B2DAD859}.Release|Any CPU.ActiveCfg = Release|Any CPU
		{B229C406-E271-44BC-AF06-2DB9B2DAD859}.Release|Any CPU.Build.0 = Release|Any CPU
		{B229C406-E271-44BC-AF06-2DB9B2DAD859}.Release|x64.ActiveCfg = Release|Any CPU
		{B229C406-E271-44BC-AF06-2DB9B2DAD859}.Release|x64.Build.0 = Release|Any CPU
		{F5A33477-5C53-4EE7-B9AA-E319DB0296C0}.Debug|Any CPU.ActiveCfg = Debug|Any CPU
		{F5A33477-5C53-4EE7-B9AA-E319DB0296C0}.Debug|Any CPU.Build.0 = Debug|Any CPU
		{F5A33477-5C53-4EE7-B9AA-E319DB0296C0}.Debug|x64.ActiveCfg = Debug|Any CPU
		{F5A33477-5C53-4EE7-B9AA-E319DB0296C0}.Debug|x64.Build.0 = Debug|Any CPU
		{F5A33477-5C53-4EE7-B9AA-E319DB0296C0}.Release|Any CPU.ActiveCfg = Release|Any CPU
		{F5A33477-5C53-4EE7-B9AA-E319DB0296C0}.Release|Any CPU.Build.0 = Release|Any CPU
		{F5A33477-5C53-4EE7-B9AA-E319DB0296C0}.Release|x64.ActiveCfg = Release|Any CPU
		{F5A33477-5C53-4EE7-B9AA-E319DB0296C0}.Release|x64.Build.0 = Release|Any CPU
		{0D5C3159-5A73-4634-800A-F31783596FA4}.Debug|Any CPU.ActiveCfg = Debug|Any CPU
		{0D5C3159-5A73-4634-800A-F31783596FA4}.Debug|Any CPU.Build.0 = Debug|Any CPU
		{0D5C3159-5A73-4634-800A-F31783596FA4}.Debug|x64.ActiveCfg = Debug|Any CPU
		{0D5C3159-5A73-4634-800A-F31783596FA4}.Debug|x64.Build.0 = Debug|Any CPU
		{0D5C3159-5A73-4634-800A-F31783596FA4}.Release|Any CPU.ActiveCfg = Release|Any CPU
		{0D5C3159-5A73-4634-800A-F31783596FA4}.Release|Any CPU.Build.0 = Release|Any CPU
		{0D5C3159-5A73-4634-800A-F31783596FA4}.Release|x64.ActiveCfg = Release|Any CPU
		{0D5C3159-5A73-4634-800A-F31783596FA4}.Release|x64.Build.0 = Release|Any CPU
		{19DE8966-5A57-4D4D-8550-27D3E8A9959E}.Debug|Any CPU.ActiveCfg = Debug|Any CPU
		{19DE8966-5A57-4D4D-8550-27D3E8A9959E}.Debug|Any CPU.Build.0 = Debug|Any CPU
		{19DE8966-5A57-4D4D-8550-27D3E8A9959E}.Debug|x64.ActiveCfg = Debug|Any CPU
		{19DE8966-5A57-4D4D-8550-27D3E8A9959E}.Debug|x64.Build.0 = Debug|Any CPU
		{19DE8966-5A57-4D4D-8550-27D3E8A9959E}.Release|Any CPU.ActiveCfg = Release|Any CPU
		{19DE8966-5A57-4D4D-8550-27D3E8A9959E}.Release|Any CPU.Build.0 = Release|Any CPU
		{19DE8966-5A57-4D4D-8550-27D3E8A9959E}.Release|x64.ActiveCfg = Release|Any CPU
		{19DE8966-5A57-4D4D-8550-27D3E8A9959E}.Release|x64.Build.0 = Release|Any CPU
		{09A654D0-2C09-4D35-A538-F032CE8DAF06}.Debug|Any CPU.ActiveCfg = Debug|Any CPU
		{09A654D0-2C09-4D35-A538-F032CE8DAF06}.Debug|Any CPU.Build.0 = Debug|Any CPU
		{09A654D0-2C09-4D35-A538-F032CE8DAF06}.Debug|x64.ActiveCfg = Debug|Any CPU
		{09A654D0-2C09-4D35-A538-F032CE8DAF06}.Debug|x64.Build.0 = Debug|Any CPU
		{09A654D0-2C09-4D35-A538-F032CE8DAF06}.Release|Any CPU.ActiveCfg = Release|Any CPU
		{09A654D0-2C09-4D35-A538-F032CE8DAF06}.Release|Any CPU.Build.0 = Release|Any CPU
		{09A654D0-2C09-4D35-A538-F032CE8DAF06}.Release|x64.ActiveCfg = Release|Any CPU
		{09A654D0-2C09-4D35-A538-F032CE8DAF06}.Release|x64.Build.0 = Release|Any CPU
		{C3B0551B-2E81-4B7E-8501-8EBD7E3D5BF8}.Debug|Any CPU.ActiveCfg = Debug|Any CPU
		{C3B0551B-2E81-4B7E-8501-8EBD7E3D5BF8}.Debug|Any CPU.Build.0 = Debug|Any CPU
		{C3B0551B-2E81-4B7E-8501-8EBD7E3D5BF8}.Debug|x64.ActiveCfg = Debug|Any CPU
		{C3B0551B-2E81-4B7E-8501-8EBD7E3D5BF8}.Debug|x64.Build.0 = Debug|Any CPU
		{C3B0551B-2E81-4B7E-8501-8EBD7E3D5BF8}.Release|Any CPU.ActiveCfg = Release|Any CPU
		{C3B0551B-2E81-4B7E-8501-8EBD7E3D5BF8}.Release|Any CPU.Build.0 = Release|Any CPU
		{C3B0551B-2E81-4B7E-8501-8EBD7E3D5BF8}.Release|x64.ActiveCfg = Release|Any CPU
		{C3B0551B-2E81-4B7E-8501-8EBD7E3D5BF8}.Release|x64.Build.0 = Release|Any CPU
		{5D777967-EE7B-4AFB-B7E0-115688C117E7}.Debug|Any CPU.ActiveCfg = Debug|x64
		{5D777967-EE7B-4AFB-B7E0-115688C117E7}.Debug|x64.ActiveCfg = Debug|x64
		{5D777967-EE7B-4AFB-B7E0-115688C117E7}.Debug|x64.Build.0 = Debug|x64
		{5D777967-EE7B-4AFB-B7E0-115688C117E7}.Debug|x64.Deploy.0 = Debug|x64
		{5D777967-EE7B-4AFB-B7E0-115688C117E7}.Release|Any CPU.ActiveCfg = Release|x64
		{5D777967-EE7B-4AFB-B7E0-115688C117E7}.Release|x64.ActiveCfg = Release|x64
		{5D777967-EE7B-4AFB-B7E0-115688C117E7}.Release|x64.Build.0 = Release|x64
		{5D777967-EE7B-4AFB-B7E0-115688C117E7}.Release|x64.Deploy.0 = Release|x64
		{B6D99ECA-BD5D-48D6-A24E-2670822483B9}.Debug|Any CPU.ActiveCfg = Debug|x64
		{B6D99ECA-BD5D-48D6-A24E-2670822483B9}.Debug|x64.ActiveCfg = Debug|x64
		{B6D99ECA-BD5D-48D6-A24E-2670822483B9}.Debug|x64.Build.0 = Debug|x64
		{B6D99ECA-BD5D-48D6-A24E-2670822483B9}.Debug|x64.Deploy.0 = Debug|x64
		{B6D99ECA-BD5D-48D6-A24E-2670822483B9}.Release|Any CPU.ActiveCfg = Release|x64
		{B6D99ECA-BD5D-48D6-A24E-2670822483B9}.Release|x64.ActiveCfg = Release|x64
		{B6D99ECA-BD5D-48D6-A24E-2670822483B9}.Release|x64.Build.0 = Release|x64
		{B6D99ECA-BD5D-48D6-A24E-2670822483B9}.Release|x64.Deploy.0 = Release|x64
		{93BC50EF-2707-4C15-A8F6-D2F5873AC680}.Debug|Any CPU.ActiveCfg = Debug|x64
		{93BC50EF-2707-4C15-A8F6-D2F5873AC680}.Debug|x64.ActiveCfg = Debug|x64
		{93BC50EF-2707-4C15-A8F6-D2F5873AC680}.Debug|x64.Build.0 = Debug|x64
		{93BC50EF-2707-4C15-A8F6-D2F5873AC680}.Debug|x64.Deploy.0 = Debug|x64
		{93BC50EF-2707-4C15-A8F6-D2F5873AC680}.Release|Any CPU.ActiveCfg = Release|x64
		{93BC50EF-2707-4C15-A8F6-D2F5873AC680}.Release|x64.ActiveCfg = Release|x64
		{93BC50EF-2707-4C15-A8F6-D2F5873AC680}.Release|x64.Build.0 = Release|x64
		{93BC50EF-2707-4C15-A8F6-D2F5873AC680}.Release|x64.Deploy.0 = Release|x64
		{E833F6BB-80B2-4760-B65B-B8B3E106AA90}.Debug|Any CPU.ActiveCfg = Debug|x64
		{E833F6BB-80B2-4760-B65B-B8B3E106AA90}.Debug|x64.ActiveCfg = Debug|x64
		{E833F6BB-80B2-4760-B65B-B8B3E106AA90}.Debug|x64.Build.0 = Debug|x64
		{E833F6BB-80B2-4760-B65B-B8B3E106AA90}.Debug|x64.Deploy.0 = Debug|x64
		{E833F6BB-80B2-4760-B65B-B8B3E106AA90}.Release|Any CPU.ActiveCfg = Release|x64
		{E833F6BB-80B2-4760-B65B-B8B3E106AA90}.Release|x64.ActiveCfg = Release|x64
		{E833F6BB-80B2-4760-B65B-B8B3E106AA90}.Release|x64.Build.0 = Release|x64
		{E833F6BB-80B2-4760-B65B-B8B3E106AA90}.Release|x64.Deploy.0 = Release|x64
		{A44AEFFD-ECAE-4FE5-8E18-0A252BEB4C51}.Debug|Any CPU.ActiveCfg = Debug|x64
		{A44AEFFD-ECAE-4FE5-8E18-0A252BEB4C51}.Debug|x64.ActiveCfg = Debug|x64
		{A44AEFFD-ECAE-4FE5-8E18-0A252BEB4C51}.Debug|x64.Build.0 = Debug|x64
		{A44AEFFD-ECAE-4FE5-8E18-0A252BEB4C51}.Debug|x64.Deploy.0 = Debug|x64
		{A44AEFFD-ECAE-4FE5-8E18-0A252BEB4C51}.Release|Any CPU.ActiveCfg = Release|x64
		{A44AEFFD-ECAE-4FE5-8E18-0A252BEB4C51}.Release|x64.ActiveCfg = Release|x64
		{A44AEFFD-ECAE-4FE5-8E18-0A252BEB4C51}.Release|x64.Build.0 = Release|x64
		{A44AEFFD-ECAE-4FE5-8E18-0A252BEB4C51}.Release|x64.Deploy.0 = Release|x64
	EndGlobalSection
	GlobalSection(SolutionProperties) = preSolution
		HideSolutionNode = FALSE
	EndGlobalSection
	GlobalSection(NestedProjects) = preSolution
		{44357863-7254-4776-9173-4D6A52CDEB7C} = {2B94021B-2CF8-4725-915D-742423947094}
		{09A654D0-2C09-4D35-A538-F032CE8DAF06} = {44357863-7254-4776-9173-4D6A52CDEB7C}
		{C3B0551B-2E81-4B7E-8501-8EBD7E3D5BF8} = {44357863-7254-4776-9173-4D6A52CDEB7C}
		{8711F6B3-17D6-4012-9906-962CAF55A350} = {46801337-C90C-478B-A3E9-5D94F8F56B41}
		{5D777967-EE7B-4AFB-B7E0-115688C117E7} = {8711F6B3-17D6-4012-9906-962CAF55A350}
		{B6D99ECA-BD5D-48D6-A24E-2670822483B9} = {8711F6B3-17D6-4012-9906-962CAF55A350}
		{93BC50EF-2707-4C15-A8F6-D2F5873AC680} = {8711F6B3-17D6-4012-9906-962CAF55A350}
		{E833F6BB-80B2-4760-B65B-B8B3E106AA90} = {8711F6B3-17D6-4012-9906-962CAF55A350}
		{A44AEFFD-ECAE-4FE5-8E18-0A252BEB4C51} = {8711F6B3-17D6-4012-9906-962CAF55A350}
	EndGlobalSection
	GlobalSection(ExtensibilityGlobals) = postSolution
		SolutionGuid = {E4CDD996-3B17-4375-A061-B5092A238251}
	EndGlobalSection
EndGlobal
